
Microsoft Visual Studio Solution File, Format Version 12.00
# Visual Studio Version 16
VisualStudioVersion = 16.0.30011.22
MinimumVisualStudioVersion = 10.0.40219.1
Project("{FAE04EC0-301F-11D3-BF4B-00C04F79EFBC}") = "laba02", "laba02\laba02.csproj", "{E4D9B535-69CB-40CC-89AC-7410177DD492}"
EndProject
Global
	GlobalSection(SolutionConfigurationPlatforms) = preSolution
		Debug|Any CPU = Debug|Any CPU
		Release|Any CPU = Release|Any CPU
	EndGlobalSection
	GlobalSection(ProjectConfigurationPlatforms) = postSolution
		{E4D9B535-69CB-40CC-89AC-7410177DD492}.Debug|Any CPU.ActiveCfg = Debug|Any CPU
		{E4D9B535-69CB-40CC-89AC-7410177DD492}.Debug|Any CPU.Build.0 = Debug|Any CPU
		{E4D9B535-69CB-40CC-89AC-7410177DD492}.Release|Any CPU.ActiveCfg = Release|Any CPU
		{E4D9B535-69CB-40CC-89AC-7410177DD492}.Release|Any CPU.Build.0 = Release|Any CPU
	EndGlobalSection
	GlobalSection(SolutionProperties) = preSolution
		HideSolutionNode = FALSE
	EndGlobalSection
	GlobalSection(ExtensibilityGlobals) = postSolution
		SolutionGuid = {B226F05D-10C5-453F-9420-D6B6882E3827}
	EndGlobalSection
EndGlobal
